
Microsoft Visual Studio Solution File, Format Version 12.00
# Visual Studio Version 16
VisualStudioVersion = 16.0.29009.5
MinimumVisualStudioVersion = 10.0.40219.1
Project("{2150E333-8FDC-42A3-9474-1A3956D46DE8}") = "01 - Testes de Unidade", "01 - Testes de Unidade", "{7431B090-D75F-4433-9F36-04B39A82281A}"
EndProject
Project("{2150E333-8FDC-42A3-9474-1A3956D46DE8}") = "1.1 - Testes Basicos", "1.1 - Testes Basicos", "{BFB42658-9528-4813-9813-575D8B4F733E}"
EndProject
Project("{9A19103F-16F7-4668-BE54-9A1E7A4F7556}") = "Demo", "01 - Testes de Unidade\Demo\Demo.csproj", "{246D1323-401C-49DA-AB69-8354BA2CAC2A}"
EndProject
Project("{9A19103F-16F7-4668-BE54-9A1E7A4F7556}") = "Demo.Tests", "01 - Testes de Unidade\Demo.Tests\Demo.Tests.csproj", "{4F44A430-BC84-42E5-9340-38D38AC2BA63}"
EndProject
Project("{2150E333-8FDC-42A3-9474-1A3956D46DE8}") = "2.2 - Features", "2.2 - Features", "{2D5A96F8-7FED-413E-A88D-6EAF047D5DBB}"
EndProject
Project("{9A19103F-16F7-4668-BE54-9A1E7A4F7556}") = "Features", "01 - Testes de Unidade\Features\Features.csproj", "{F3227277-7CCF-4854-AB36-0D0D6BBA47BB}"
EndProject
Project("{9A19103F-16F7-4668-BE54-9A1E7A4F7556}") = "Features.Tests", "01 - Testes de Unidade\Features.Tests\Features.Tests.csproj", "{AFF5C7A0-A49F-4EFA-9732-8728A4AD68C9}"
EndProject
Project("{2150E333-8FDC-42A3-9474-1A3956D46DE8}") = "02 - TDD", "02 - TDD", "{ADA05BBF-2D22-4B89-B79D-F73691269DB9}"
EndProject
Project("{2150E333-8FDC-42A3-9474-1A3956D46DE8}") = "Tests", "Tests", "{C6A8A66F-4329-458A-A76A-FB66B2A31E52}"
EndProject
Project("{9A19103F-16F7-4668-BE54-9A1E7A4F7556}") = "NerdStore.Core", "02 - TDD\NerdStore.Core\NerdStore.Core.csproj", "{82716A4D-A278-4A1D-95BE-597E58874854}"
EndProject
Project("{9A19103F-16F7-4668-BE54-9A1E7A4F7556}") = "NerdStore.Vendas.Application", "02 - TDD\NerdStore.Vendas.Application\NerdStore.Vendas.Application.csproj", "{E737AD98-DC44-40FF-861B-6D69EC75704B}"
EndProject
Project("{9A19103F-16F7-4668-BE54-9A1E7A4F7556}") = "NerdStore.Vendas.Data", "02 - TDD\NerdStore.Vendas.Data\NerdStore.Vendas.Data.csproj", "{39B563C7-ED3D-482E-8AB0-355549511FF4}"
EndProject
Project("{9A19103F-16F7-4668-BE54-9A1E7A4F7556}") = "NerdStore.Vendas.Domain", "02 - TDD\NerdStore.Vendas.Domain\NerdStore.Vendas.Domain.csproj", "{30CDE9B3-0968-466C-A4E8-35B4D8881807}"
EndProject
Project("{9A19103F-16F7-4668-BE54-9A1E7A4F7556}") = "NerdStore.Vendas.Application.Tests", "02 - TDD\Tests\NerdStore.Vendas.Application.Tests\NerdStore.Vendas.Application.Tests.csproj", "{3A78B2E8-C739-4698-AADF-E00D483B4DA1}"
EndProject
Project("{9A19103F-16F7-4668-BE54-9A1E7A4F7556}") = "NerdStore.Vendas.Domain.Tests", "02 - TDD\Tests\NerdStore.Vendas.Domain.Tests\NerdStore.Vendas.Domain.Tests.csproj", "{AF116068-2164-457D-BEFF-527FDF1341CD}"
EndProject
Project("{2150E333-8FDC-42A3-9474-1A3956D46DE8}") = "03 - Teste de Integracao", "03 - Teste de Integracao", "{C5E25A9E-AE38-4961-8742-F8693E415A16}"
EndProject
Project("{FAE04EC0-301F-11D3-BF4B-00C04F79EFBC}") = "NerdStore.Catalog.Application", "03 - Testes de Integracao\NerdStore.Catalog.Application\NerdStore.Catalog.Application.csproj", "{CE8BF91C-777B-4331-B7CC-995B05172FE5}"
EndProject
Project("{FAE04EC0-301F-11D3-BF4B-00C04F79EFBC}") = "NerdStore.Catalog.Data", "03 - Testes de Integracao\NerdStore.Catalog.Data\NerdStore.Catalog.Data.csproj", "{A04A14AA-B061-4AD3-84C6-82B7343A33A2}"
EndProject
Project("{FAE04EC0-301F-11D3-BF4B-00C04F79EFBC}") = "NerdStore.Catalog.Domain", "03 - Testes de Integracao\NerdStore.Catalog.Domain\NerdStore.Catalog.Domain.csproj", "{8B8F6FB3-9637-4862-93EE-7078D08C5BEC}"
EndProject
Project("{FAE04EC0-301F-11D3-BF4B-00C04F79EFBC}") = "NerdStore.WebApp.MVC", "03 - Testes de Integracao\NerdStore.WebApp.MVC\NerdStore.WebApp.MVC.csproj", "{17B4C560-904D-4E94-8D08-E7B7B532D193}"
EndProject
Global
	GlobalSection(SolutionConfigurationPlatforms) = preSolution
		Debug|Any CPU = Debug|Any CPU
		Release|Any CPU = Release|Any CPU
	EndGlobalSection
	GlobalSection(ProjectConfigurationPlatforms) = postSolution
		{246D1323-401C-49DA-AB69-8354BA2CAC2A}.Debug|Any CPU.ActiveCfg = Debug|Any CPU
		{246D1323-401C-49DA-AB69-8354BA2CAC2A}.Debug|Any CPU.Build.0 = Debug|Any CPU
		{246D1323-401C-49DA-AB69-8354BA2CAC2A}.Release|Any CPU.ActiveCfg = Release|Any CPU
		{246D1323-401C-49DA-AB69-8354BA2CAC2A}.Release|Any CPU.Build.0 = Release|Any CPU
		{4F44A430-BC84-42E5-9340-38D38AC2BA63}.Debug|Any CPU.ActiveCfg = Debug|Any CPU
		{4F44A430-BC84-42E5-9340-38D38AC2BA63}.Debug|Any CPU.Build.0 = Debug|Any CPU
		{4F44A430-BC84-42E5-9340-38D38AC2BA63}.Release|Any CPU.ActiveCfg = Release|Any CPU
		{4F44A430-BC84-42E5-9340-38D38AC2BA63}.Release|Any CPU.Build.0 = Release|Any CPU
		{F3227277-7CCF-4854-AB36-0D0D6BBA47BB}.Debug|Any CPU.ActiveCfg = Debug|Any CPU
		{F3227277-7CCF-4854-AB36-0D0D6BBA47BB}.Debug|Any CPU.Build.0 = Debug|Any CPU
		{F3227277-7CCF-4854-AB36-0D0D6BBA47BB}.Release|Any CPU.ActiveCfg = Release|Any CPU
		{F3227277-7CCF-4854-AB36-0D0D6BBA47BB}.Release|Any CPU.Build.0 = Release|Any CPU
		{AFF5C7A0-A49F-4EFA-9732-8728A4AD68C9}.Debug|Any CPU.ActiveCfg = Debug|Any CPU
		{AFF5C7A0-A49F-4EFA-9732-8728A4AD68C9}.Debug|Any CPU.Build.0 = Debug|Any CPU
		{AFF5C7A0-A49F-4EFA-9732-8728A4AD68C9}.Release|Any CPU.ActiveCfg = Release|Any CPU
		{AFF5C7A0-A49F-4EFA-9732-8728A4AD68C9}.Release|Any CPU.Build.0 = Release|Any CPU
		{82716A4D-A278-4A1D-95BE-597E58874854}.Debug|Any CPU.ActiveCfg = Debug|Any CPU
		{82716A4D-A278-4A1D-95BE-597E58874854}.Debug|Any CPU.Build.0 = Debug|Any CPU
		{82716A4D-A278-4A1D-95BE-597E58874854}.Release|Any CPU.ActiveCfg = Release|Any CPU
		{82716A4D-A278-4A1D-95BE-597E58874854}.Release|Any CPU.Build.0 = Release|Any CPU
		{E737AD98-DC44-40FF-861B-6D69EC75704B}.Debug|Any CPU.ActiveCfg = Debug|Any CPU
		{E737AD98-DC44-40FF-861B-6D69EC75704B}.Debug|Any CPU.Build.0 = Debug|Any CPU
		{E737AD98-DC44-40FF-861B-6D69EC75704B}.Release|Any CPU.ActiveCfg = Release|Any CPU
		{E737AD98-DC44-40FF-861B-6D69EC75704B}.Release|Any CPU.Build.0 = Release|Any CPU
		{39B563C7-ED3D-482E-8AB0-355549511FF4}.Debug|Any CPU.ActiveCfg = Debug|Any CPU
		{39B563C7-ED3D-482E-8AB0-355549511FF4}.Debug|Any CPU.Build.0 = Debug|Any CPU
		{39B563C7-ED3D-482E-8AB0-355549511FF4}.Release|Any CPU.ActiveCfg = Release|Any CPU
		{39B563C7-ED3D-482E-8AB0-355549511FF4}.Release|Any CPU.Build.0 = Release|Any CPU
		{30CDE9B3-0968-466C-A4E8-35B4D8881807}.Debug|Any CPU.ActiveCfg = Debug|Any CPU
		{30CDE9B3-0968-466C-A4E8-35B4D8881807}.Debug|Any CPU.Build.0 = Debug|Any CPU
		{30CDE9B3-0968-466C-A4E8-35B4D8881807}.Release|Any CPU.ActiveCfg = Release|Any CPU
		{30CDE9B3-0968-466C-A4E8-35B4D8881807}.Release|Any CPU.Build.0 = Release|Any CPU
		{3A78B2E8-C739-4698-AADF-E00D483B4DA1}.Debug|Any CPU.ActiveCfg = Debug|Any CPU
		{3A78B2E8-C739-4698-AADF-E00D483B4DA1}.Debug|Any CPU.Build.0 = Debug|Any CPU
		{3A78B2E8-C739-4698-AADF-E00D483B4DA1}.Release|Any CPU.ActiveCfg = Release|Any CPU
		{3A78B2E8-C739-4698-AADF-E00D483B4DA1}.Release|Any CPU.Build.0 = Release|Any CPU
		{AF116068-2164-457D-BEFF-527FDF1341CD}.Debug|Any CPU.ActiveCfg = Debug|Any CPU
		{AF116068-2164-457D-BEFF-527FDF1341CD}.Debug|Any CPU.Build.0 = Debug|Any CPU
		{AF116068-2164-457D-BEFF-527FDF1341CD}.Release|Any CPU.ActiveCfg = Release|Any CPU
		{AF116068-2164-457D-BEFF-527FDF1341CD}.Release|Any CPU.Build.0 = Release|Any CPU
		{CE8BF91C-777B-4331-B7CC-995B05172FE5}.Debug|Any CPU.ActiveCfg = Debug|Any CPU
		{CE8BF91C-777B-4331-B7CC-995B05172FE5}.Debug|Any CPU.Build.0 = Debug|Any CPU
		{CE8BF91C-777B-4331-B7CC-995B05172FE5}.Release|Any CPU.ActiveCfg = Release|Any CPU
		{CE8BF91C-777B-4331-B7CC-995B05172FE5}.Release|Any CPU.Build.0 = Release|Any CPU
		{A04A14AA-B061-4AD3-84C6-82B7343A33A2}.Debug|Any CPU.ActiveCfg = Debug|Any CPU
		{A04A14AA-B061-4AD3-84C6-82B7343A33A2}.Debug|Any CPU.Build.0 = Debug|Any CPU
		{A04A14AA-B061-4AD3-84C6-82B7343A33A2}.Release|Any CPU.ActiveCfg = Release|Any CPU
		{A04A14AA-B061-4AD3-84C6-82B7343A33A2}.Release|Any CPU.Build.0 = Release|Any CPU
		{8B8F6FB3-9637-4862-93EE-7078D08C5BEC}.Debug|Any CPU.ActiveCfg = Debug|Any CPU
		{8B8F6FB3-9637-4862-93EE-7078D08C5BEC}.Debug|Any CPU.Build.0 = Debug|Any CPU
		{8B8F6FB3-9637-4862-93EE-7078D08C5BEC}.Release|Any CPU.ActiveCfg = Release|Any CPU
		{8B8F6FB3-9637-4862-93EE-7078D08C5BEC}.Release|Any CPU.Build.0 = Release|Any CPU
		{17B4C560-904D-4E94-8D08-E7B7B532D193}.Debug|Any CPU.ActiveCfg = Debug|Any CPU
		{17B4C560-904D-4E94-8D08-E7B7B532D193}.Debug|Any CPU.Build.0 = Debug|Any CPU
		{17B4C560-904D-4E94-8D08-E7B7B532D193}.Release|Any CPU.ActiveCfg = Release|Any CPU
		{17B4C560-904D-4E94-8D08-E7B7B532D193}.Release|Any CPU.Build.0 = Release|Any CPU
	EndGlobalSection
	GlobalSection(SolutionProperties) = preSolution
		HideSolutionNode = FALSE
	EndGlobalSection
	GlobalSection(NestedProjects) = preSolution
		{BFB42658-9528-4813-9813-575D8B4F733E} = {7431B090-D75F-4433-9F36-04B39A82281A}
		{246D1323-401C-49DA-AB69-8354BA2CAC2A} = {BFB42658-9528-4813-9813-575D8B4F733E}
		{4F44A430-BC84-42E5-9340-38D38AC2BA63} = {BFB42658-9528-4813-9813-575D8B4F733E}
		{2D5A96F8-7FED-413E-A88D-6EAF047D5DBB} = {7431B090-D75F-4433-9F36-04B39A82281A}
		{F3227277-7CCF-4854-AB36-0D0D6BBA47BB} = {2D5A96F8-7FED-413E-A88D-6EAF047D5DBB}
		{AFF5C7A0-A49F-4EFA-9732-8728A4AD68C9} = {2D5A96F8-7FED-413E-A88D-6EAF047D5DBB}
		{C6A8A66F-4329-458A-A76A-FB66B2A31E52} = {ADA05BBF-2D22-4B89-B79D-F73691269DB9}
		{82716A4D-A278-4A1D-95BE-597E58874854} = {ADA05BBF-2D22-4B89-B79D-F73691269DB9}
		{E737AD98-DC44-40FF-861B-6D69EC75704B} = {ADA05BBF-2D22-4B89-B79D-F73691269DB9}
		{39B563C7-ED3D-482E-8AB0-355549511FF4} = {ADA05BBF-2D22-4B89-B79D-F73691269DB9}
		{30CDE9B3-0968-466C-A4E8-35B4D8881807} = {ADA05BBF-2D22-4B89-B79D-F73691269DB9}
		{3A78B2E8-C739-4698-AADF-E00D483B4DA1} = {C6A8A66F-4329-458A-A76A-FB66B2A31E52}
		{AF116068-2164-457D-BEFF-527FDF1341CD} = {C6A8A66F-4329-458A-A76A-FB66B2A31E52}
		{CE8BF91C-777B-4331-B7CC-995B05172FE5} = {C5E25A9E-AE38-4961-8742-F8693E415A16}
		{A04A14AA-B061-4AD3-84C6-82B7343A33A2} = {C5E25A9E-AE38-4961-8742-F8693E415A16}
		{8B8F6FB3-9637-4862-93EE-7078D08C5BEC} = {C5E25A9E-AE38-4961-8742-F8693E415A16}
		{17B4C560-904D-4E94-8D08-E7B7B532D193} = {C5E25A9E-AE38-4961-8742-F8693E415A16}
	EndGlobalSection
	GlobalSection(ExtensibilityGlobals) = postSolution
		SolutionGuid = {FA16DF68-D409-4848-8D5E-36F2FBF476DA}
	EndGlobalSection
EndGlobal
